hash: 3c29c5929f958717d97524f7b72953dd5936e5861f9140ca61514d3cda753750
updated: 2016-03-15T14:58:12.836550796+01:00
imports:
- name: github.com/coreos/go-systemd
  version: 0cfb4b25506d69220a20cdf1c4eeda6831589e01
- name: github.com/coreos/pkg
  version: 0cfb4b25506d69220a20cdf1c4eeda6831589e01
- name: github.com/glerchundi/go-systemd
  version: ""
  subpackages:
  - /sdjournal
- name: github.com/glerchundi/journald-forwarder
  version: 0cfb4b25506d69220a20cdf1c4eeda6831589e01
  subpackages:
  - /core
- name: github.com/glerchundi/pkg
  version: 0cfb4b25506d69220a20cdf1c4eeda6831589e01
- name: github.com/godbus/dbus
  version: 0cfb4b25506d69220a20cdf1c4eeda6831589e01
- name: github.com/spf13/pflag
  version: 7f60f83a2c81bc3c3c0d5297f61ddfa68da9d3b7
- name: gopkg.in/yaml.v1
  version: 0cfb4b25506d69220a20cdf1c4eeda6831589e01
devImports: []
