hash: 2426fa17000364ee9b8cd8248d6ec3b1dde7a01b2f9dd18a1699e40348473a0e
updated: 2016-03-11T09:42:28.645306119+01:00
imports:
- name: github.com/coreos/go-systemd
  version: 7b2428fec40033549c68f54e26e89e7ca9a9ce31
- name: github.com/coreos/pkg
  version: 66fe44ad037ccb80329115cb4db0dbe8e9beb03a
- name: github.com/glerchundi/go-systemd
  version: 054da48c3fc0a963898305ea4af2c797d63997bf
  subpackages:
  - /sdjournal
- name: github.com/glerchundi/journald-forwarder
  version: 8bd3c221d6f14d23656215921a00f0d812bcd7b9
  subpackages:
  - /core
- name: github.com/glerchundi/pkg
  version: acccd38f6c2a90f5b09890e31cdcb485066e82d6
- name: github.com/godbus/dbus
  version: 230e4b23db2fd81c53eaa0073f76659d4849ce51
- name: gopkg.in/yaml.v1
  version: 9f9df34309c04878acc86042b16630b0f696e1de
devImports: []
